
Microsoft Visual Studio Solution File, Format Version 12.00
# Visual Studio Version 16
VisualStudioVersion = 16.0.31112.23
MinimumVisualStudioVersion = 10.0.40219.1
Project("{FAE04EC0-301F-11D3-BF4B-00C04F79EFBC}") = "RegistrationGatekeeperAdmin", "RegistrationGatekeeperAdmin.csproj", "{B737C6D5-7B53-4342-95F6-3E1BB4CD1865}"
EndProject
Global
	GlobalSection(SolutionConfigurationPlatforms) = preSolution
		Debug|Any CPU = Debug|Any CPU
		Release|Any CPU = Release|Any CPU
	EndGlobalSection
	GlobalSection(ProjectConfigurationPlatforms) = postSolution
		{B737C6D5-7B53-4342-95F6-3E1BB4CD1865}.Debug|Any CPU.ActiveCfg = Debug|Any CPU
		{B737C6D5-7B53-4342-95F6-3E1BB4CD1865}.Debug|Any CPU.Build.0 = Debug|Any CPU
		{B737C6D5-7B53-4342-95F6-3E1BB4CD1865}.Release|Any CPU.ActiveCfg = Release|Any CPU
		{B737C6D5-7B53-4342-95F6-3E1BB4CD1865}.Release|Any CPU.Build.0 = Release|Any CPU
	EndGlobalSection
	GlobalSection(SolutionProperties) = preSolution
		HideSolutionNode = FALSE
	EndGlobalSection
	GlobalSection(ExtensibilityGlobals) = postSolution
		SolutionGuid = {89EB2C7B-D392-4CE4-8A05-11CB5C400508}
	EndGlobalSection
EndGlobal
